
Microsoft Visual Studio Solution File, Format Version 12.00
# Visual Studio 15
VisualStudioVersion = 15.0.26430.12
MinimumVisualStudioVersion = 10.0.40219.1
Project("{FAE04EC0-301F-11D3-BF4B-00C04F79EFBC}") = "Lab2", "Lab2\Lab2.csproj", "{0E0C34FD-1B89-40E6-B579-2A2F42BA413B}"
EndProject
Project("{FAE04EC0-301F-11D3-BF4B-00C04F79EFBC}") = "2_7", "2_7\2_7.csproj", "{C8E18714-C0BC-4993-A559-F886C757FA28}"
EndProject
Project("{FAE04EC0-301F-11D3-BF4B-00C04F79EFBC}") = "2_8", "2_8\2_8.csproj", "{3266205B-22C5-47B5-96B1-1B6208C1567C}"
EndProject
Project("{FAE04EC0-301F-11D3-BF4B-00C04F79EFBC}") = "2_9", "2_9\2_9.csproj", "{810ED2E0-7D27-4A55-B72A-F833A4559B0F}"
EndProject
Project("{FAE04EC0-301F-11D3-BF4B-00C04F79EFBC}") = "2_10", "2_10\2_10.csproj", "{B48FFF7B-2AE6-44CB-A057-325A06C6C4C3}"
EndProject
Project("{FAE04EC0-301F-11D3-BF4B-00C04F79EFBC}") = "2_11", "2_11\2_11.csproj", "{E684EDA2-BA4D-414F-AD04-D87C0F2C35F4}"
EndProject
Project("{FAE04EC0-301F-11D3-BF4B-00C04F79EFBC}") = "2_12", "2_12\2_12.csproj", "{A116DC05-49C5-4C5A-875D-EBBBFA541852}"
EndProject
Global
	GlobalSection(SolutionConfigurationPlatforms) = preSolution
		Debug|Any CPU = Debug|Any CPU
		Release|Any CPU = Release|Any CPU
	EndGlobalSection
	GlobalSection(ProjectConfigurationPlatforms) = postSolution
		{0E0C34FD-1B89-40E6-B579-2A2F42BA413B}.Debug|Any CPU.ActiveCfg = Debug|Any CPU
		{0E0C34FD-1B89-40E6-B579-2A2F42BA413B}.Debug|Any CPU.Build.0 = Debug|Any CPU
		{0E0C34FD-1B89-40E6-B579-2A2F42BA413B}.Release|Any CPU.ActiveCfg = Release|Any CPU
		{0E0C34FD-1B89-40E6-B579-2A2F42BA413B}.Release|Any CPU.Build.0 = Release|Any CPU
		{C8E18714-C0BC-4993-A559-F886C757FA28}.Debug|Any CPU.ActiveCfg = Debug|Any CPU
		{C8E18714-C0BC-4993-A559-F886C757FA28}.Debug|Any CPU.Build.0 = Debug|Any CPU
		{C8E18714-C0BC-4993-A559-F886C757FA28}.Release|Any CPU.ActiveCfg = Release|Any CPU
		{C8E18714-C0BC-4993-A559-F886C757FA28}.Release|Any CPU.Build.0 = Release|Any CPU
		{3266205B-22C5-47B5-96B1-1B6208C1567C}.Debug|Any CPU.ActiveCfg = Debug|Any CPU
		{3266205B-22C5-47B5-96B1-1B6208C1567C}.Debug|Any CPU.Build.0 = Debug|Any CPU
		{3266205B-22C5-47B5-96B1-1B6208C1567C}.Release|Any CPU.ActiveCfg = Release|Any CPU
		{3266205B-22C5-47B5-96B1-1B6208C1567C}.Release|Any CPU.Build.0 = Release|Any CPU
		{810ED2E0-7D27-4A55-B72A-F833A4559B0F}.Debug|Any CPU.ActiveCfg = Debug|Any CPU
		{810ED2E0-7D27-4A55-B72A-F833A4559B0F}.Debug|Any CPU.Build.0 = Debug|Any CPU
		{810ED2E0-7D27-4A55-B72A-F833A4559B0F}.Release|Any CPU.ActiveCfg = Release|Any CPU
		{810ED2E0-7D27-4A55-B72A-F833A4559B0F}.Release|Any CPU.Build.0 = Release|Any CPU
		{B48FFF7B-2AE6-44CB-A057-325A06C6C4C3}.Debug|Any CPU.ActiveCfg = Debug|Any CPU
		{B48FFF7B-2AE6-44CB-A057-325A06C6C4C3}.Debug|Any CPU.Build.0 = Debug|Any CPU
		{B48FFF7B-2AE6-44CB-A057-325A06C6C4C3}.Release|Any CPU.ActiveCfg = Release|Any CPU
		{B48FFF7B-2AE6-44CB-A057-325A06C6C4C3}.Release|Any CPU.Build.0 = Release|Any CPU
		{E684EDA2-BA4D-414F-AD04-D87C0F2C35F4}.Debug|Any CPU.ActiveCfg = Debug|Any CPU
		{E684EDA2-BA4D-414F-AD04-D87C0F2C35F4}.Debug|Any CPU.Build.0 = Debug|Any CPU
		{E684EDA2-BA4D-414F-AD04-D87C0F2C35F4}.Release|Any CPU.ActiveCfg = Release|Any CPU
		{E684EDA2-BA4D-414F-AD04-D87C0F2C35F4}.Release|Any CPU.Build.0 = Release|Any CPU
		{A116DC05-49C5-4C5A-875D-EBBBFA541852}.Debug|Any CPU.ActiveCfg = Debug|Any CPU
		{A116DC05-49C5-4C5A-875D-EBBBFA541852}.Debug|Any CPU.Build.0 = Debug|Any CPU
		{A116DC05-49C5-4C5A-875D-EBBBFA541852}.Release|Any CPU.ActiveCfg = Release|Any CPU
		{A116DC05-49C5-4C5A-875D-EBBBFA541852}.Release|Any CPU.Build.0 = Release|Any CPU
	EndGlobalSection
	GlobalSection(SolutionProperties) = preSolution
		HideSolutionNode = FALSE
	EndGlobalSection
EndGlobal
