
Microsoft Visual Studio Solution File, Format Version 12.00
# Visual Studio 15
VisualStudioVersion = 15.0.26430.12
MinimumVisualStudioVersion = 10.0.40219.1
Project("{FAE04EC0-301F-11D3-BF4B-00C04F79EFBC}") = "1_1", "1_1\1_1.csproj", "{1DF283A4-AF23-4347-BAE4-B4E6C04FC8C6}"
EndProject
Project("{FAE04EC0-301F-11D3-BF4B-00C04F79EFBC}") = "1_2", "1_2\1_2.csproj", "{C540D45D-4173-4B67-BBC0-AF67CC362591}"
EndProject
Project("{FAE04EC0-301F-11D3-BF4B-00C04F79EFBC}") = "1_3", "1_3\1_3.csproj", "{12493E6C-E10C-4AEE-848E-59075446BD8B}"
EndProject
Project("{FAE04EC0-301F-11D3-BF4B-00C04F79EFBC}") = "1_4", "1_4\1_4.csproj", "{8A826204-8B2E-4ACE-8777-48F5B1B35E9F}"
EndProject
Project("{FAE04EC0-301F-11D3-BF4B-00C04F79EFBC}") = "1_5", "1_5\1_5.csproj", "{E2D34013-5204-4958-A6A8-8DE66EF66851}"
EndProject
Project("{FAE04EC0-301F-11D3-BF4B-00C04F79EFBC}") = "1_6", "1_6\1_6.csproj", "{CA7CC7CB-4E74-43FD-9CC8-D696C956C7EA}"
EndProject
Project("{FAE04EC0-301F-11D3-BF4B-00C04F79EFBC}") = "1_7", "1_7\1_7.csproj", "{08069161-DA8E-401F-8685-F673A61E7B9A}"
EndProject
Project("{FAE04EC0-301F-11D3-BF4B-00C04F79EFBC}") = "1_8", "1_8\1_8.csproj", "{E6714184-3CA3-49D1-9344-C5A83837034D}"
EndProject
Project("{FAE04EC0-301F-11D3-BF4B-00C04F79EFBC}") = "1_9", "1_9\1_9.csproj", "{868006B1-A2C2-4096-AA5B-5D4C2ABC0665}"
EndProject
Project("{FAE04EC0-301F-11D3-BF4B-00C04F79EFBC}") = "1_10", "1_10\1_10.csproj", "{ACBDB88E-39E0-4B79-BE42-888FBD49971C}"
EndProject
Project("{FAE04EC0-301F-11D3-BF4B-00C04F79EFBC}") = "1_11", "1_11\1_11.csproj", "{5F8B7412-326C-40BC-A100-3E45DC2077B9}"
EndProject
Project("{FAE04EC0-301F-11D3-BF4B-00C04F79EFBC}") = "1_12", "1_12\1_12.csproj", "{BAEE5FBB-E2C4-4106-BA32-F69E65E2869F}"
EndProject
Project("{FAE04EC0-301F-11D3-BF4B-00C04F79EFBC}") = "1_13", "1_13\1_13.csproj", "{E7695A6C-870A-4D6E-ACD5-962ECF94E464}"
EndProject
Project("{FAE04EC0-301F-11D3-BF4B-00C04F79EFBC}") = "1_14", "1_14\1_14.csproj", "{9AE1750D-47C0-4619-A5B6-B9924394A69C}"
EndProject
Project("{FAE04EC0-301F-11D3-BF4B-00C04F79EFBC}") = "1_15", "1_15\1_15.csproj", "{7463CE73-3BB6-42CA-B3CE-D0C48F1DA7EE}"
EndProject
Project("{FAE04EC0-301F-11D3-BF4B-00C04F79EFBC}") = "1_16", "1_16\1_16.csproj", "{59DB6844-9923-431C-AD9F-718A635D7D4E}"
EndProject
Project("{FAE04EC0-301F-11D3-BF4B-00C04F79EFBC}") = "1_17", "1_17\1_17.csproj", "{8A1BC5A9-F5E5-4BC2-AA90-86C9FBA960F3}"
EndProject
Project("{FAE04EC0-301F-11D3-BF4B-00C04F79EFBC}") = "1_18", "1_18\1_18.csproj", "{775CA07A-5B4C-46DA-9085-95A8BB619538}"
EndProject
Project("{FAE04EC0-301F-11D3-BF4B-00C04F79EFBC}") = "1_19", "1_19\1_19.csproj", "{784B4325-7E2B-420F-8EDF-FC4094A3B6C7}"
EndProject
Global
	GlobalSection(SolutionConfigurationPlatforms) = preSolution
		Debug|Any CPU = Debug|Any CPU
		Release|Any CPU = Release|Any CPU
	EndGlobalSection
	GlobalSection(ProjectConfigurationPlatforms) = postSolution
		{1DF283A4-AF23-4347-BAE4-B4E6C04FC8C6}.Debug|Any CPU.ActiveCfg = Debug|Any CPU
		{1DF283A4-AF23-4347-BAE4-B4E6C04FC8C6}.Debug|Any CPU.Build.0 = Debug|Any CPU
		{1DF283A4-AF23-4347-BAE4-B4E6C04FC8C6}.Release|Any CPU.ActiveCfg = Release|Any CPU
		{1DF283A4-AF23-4347-BAE4-B4E6C04FC8C6}.Release|Any CPU.Build.0 = Release|Any CPU
		{C540D45D-4173-4B67-BBC0-AF67CC362591}.Debug|Any CPU.ActiveCfg = Debug|Any CPU
		{C540D45D-4173-4B67-BBC0-AF67CC362591}.Debug|Any CPU.Build.0 = Debug|Any CPU
		{C540D45D-4173-4B67-BBC0-AF67CC362591}.Release|Any CPU.ActiveCfg = Release|Any CPU
		{C540D45D-4173-4B67-BBC0-AF67CC362591}.Release|Any CPU.Build.0 = Release|Any CPU
		{12493E6C-E10C-4AEE-848E-59075446BD8B}.Debug|Any CPU.ActiveCfg = Debug|Any CPU
		{12493E6C-E10C-4AEE-848E-59075446BD8B}.Debug|Any CPU.Build.0 = Debug|Any CPU
		{12493E6C-E10C-4AEE-848E-59075446BD8B}.Release|Any CPU.ActiveCfg = Release|Any CPU
		{12493E6C-E10C-4AEE-848E-59075446BD8B}.Release|Any CPU.Build.0 = Release|Any CPU
		{8A826204-8B2E-4ACE-8777-48F5B1B35E9F}.Debug|Any CPU.ActiveCfg = Debug|Any CPU
		{8A826204-8B2E-4ACE-8777-48F5B1B35E9F}.Debug|Any CPU.Build.0 = Debug|Any CPU
		{8A826204-8B2E-4ACE-8777-48F5B1B35E9F}.Release|Any CPU.ActiveCfg = Release|Any CPU
		{8A826204-8B2E-4ACE-8777-48F5B1B35E9F}.Release|Any CPU.Build.0 = Release|Any CPU
		{E2D34013-5204-4958-A6A8-8DE66EF66851}.Debug|Any CPU.ActiveCfg = Debug|Any CPU
		{E2D34013-5204-4958-A6A8-8DE66EF66851}.Debug|Any CPU.Build.0 = Debug|Any CPU
		{E2D34013-5204-4958-A6A8-8DE66EF66851}.Release|Any CPU.ActiveCfg = Release|Any CPU
		{E2D34013-5204-4958-A6A8-8DE66EF66851}.Release|Any CPU.Build.0 = Release|Any CPU
		{CA7CC7CB-4E74-43FD-9CC8-D696C956C7EA}.Debug|Any CPU.ActiveCfg = Debug|Any CPU
		{CA7CC7CB-4E74-43FD-9CC8-D696C956C7EA}.Debug|Any CPU.Build.0 = Debug|Any CPU
		{CA7CC7CB-4E74-43FD-9CC8-D696C956C7EA}.Release|Any CPU.ActiveCfg = Release|Any CPU
		{CA7CC7CB-4E74-43FD-9CC8-D696C956C7EA}.Release|Any CPU.Build.0 = Release|Any CPU
		{08069161-DA8E-401F-8685-F673A61E7B9A}.Debug|Any CPU.ActiveCfg = Debug|Any CPU
		{08069161-DA8E-401F-8685-F673A61E7B9A}.Debug|Any CPU.Build.0 = Debug|Any CPU
		{08069161-DA8E-401F-8685-F673A61E7B9A}.Release|Any CPU.ActiveCfg = Release|Any CPU
		{08069161-DA8E-401F-8685-F673A61E7B9A}.Release|Any CPU.Build.0 = Release|Any CPU
		{E6714184-3CA3-49D1-9344-C5A83837034D}.Debug|Any CPU.ActiveCfg = Debug|Any CPU
		{E6714184-3CA3-49D1-9344-C5A83837034D}.Debug|Any CPU.Build.0 = Debug|Any CPU
		{E6714184-3CA3-49D1-9344-C5A83837034D}.Release|Any CPU.ActiveCfg = Release|Any CPU
		{E6714184-3CA3-49D1-9344-C5A83837034D}.Release|Any CPU.Build.0 = Release|Any CPU
		{868006B1-A2C2-4096-AA5B-5D4C2ABC0665}.Debug|Any CPU.ActiveCfg = Debug|Any CPU
		{868006B1-A2C2-4096-AA5B-5D4C2ABC0665}.Debug|Any CPU.Build.0 = Debug|Any CPU
		{868006B1-A2C2-4096-AA5B-5D4C2ABC0665}.Release|Any CPU.ActiveCfg = Release|Any CPU
		{868006B1-A2C2-4096-AA5B-5D4C2ABC0665}.Release|Any CPU.Build.0 = Release|Any CPU
		{ACBDB88E-39E0-4B79-BE42-888FBD49971C}.Debug|Any CPU.ActiveCfg = Debug|Any CPU
		{ACBDB88E-39E0-4B79-BE42-888FBD49971C}.Debug|Any CPU.Build.0 = Debug|Any CPU
		{ACBDB88E-39E0-4B79-BE42-888FBD49971C}.Release|Any CPU.ActiveCfg = Release|Any CPU
		{ACBDB88E-39E0-4B79-BE42-888FBD49971C}.Release|Any CPU.Build.0 = Release|Any CPU
		{5F8B7412-326C-40BC-A100-3E45DC2077B9}.Debug|Any CPU.ActiveCfg = Debug|Any CPU
		{5F8B7412-326C-40BC-A100-3E45DC2077B9}.Debug|Any CPU.Build.0 = Debug|Any CPU
		{5F8B7412-326C-40BC-A100-3E45DC2077B9}.Release|Any CPU.ActiveCfg = Release|Any CPU
		{5F8B7412-326C-40BC-A100-3E45DC2077B9}.Release|Any CPU.Build.0 = Release|Any CPU
		{BAEE5FBB-E2C4-4106-BA32-F69E65E2869F}.Debug|Any CPU.ActiveCfg = Debug|Any CPU
		{BAEE5FBB-E2C4-4106-BA32-F69E65E2869F}.Debug|Any CPU.Build.0 = Debug|Any CPU
		{BAEE5FBB-E2C4-4106-BA32-F69E65E2869F}.Release|Any CPU.ActiveCfg = Release|Any CPU
		{BAEE5FBB-E2C4-4106-BA32-F69E65E2869F}.Release|Any CPU.Build.0 = Release|Any CPU
		{E7695A6C-870A-4D6E-ACD5-962ECF94E464}.Debug|Any CPU.ActiveCfg = Debug|Any CPU
		{E7695A6C-870A-4D6E-ACD5-962ECF94E464}.Debug|Any CPU.Build.0 = Debug|Any CPU
		{E7695A6C-870A-4D6E-ACD5-962ECF94E464}.Release|Any CPU.ActiveCfg = Release|Any CPU
		{E7695A6C-870A-4D6E-ACD5-962ECF94E464}.Release|Any CPU.Build.0 = Release|Any CPU
		{9AE1750D-47C0-4619-A5B6-B9924394A69C}.Debug|Any CPU.ActiveCfg = Debug|Any CPU
		{9AE1750D-47C0-4619-A5B6-B9924394A69C}.Debug|Any CPU.Build.0 = Debug|Any CPU
		{9AE1750D-47C0-4619-A5B6-B9924394A69C}.Release|Any CPU.ActiveCfg = Release|Any CPU
		{9AE1750D-47C0-4619-A5B6-B9924394A69C}.Release|Any CPU.Build.0 = Release|Any CPU
		{7463CE73-3BB6-42CA-B3CE-D0C48F1DA7EE}.Debug|Any CPU.ActiveCfg = Debug|Any CPU
		{7463CE73-3BB6-42CA-B3CE-D0C48F1DA7EE}.Debug|Any CPU.Build.0 = Debug|Any CPU
		{7463CE73-3BB6-42CA-B3CE-D0C48F1DA7EE}.Release|Any CPU.ActiveCfg = Release|Any CPU
		{7463CE73-3BB6-42CA-B3CE-D0C48F1DA7EE}.Release|Any CPU.Build.0 = Release|Any CPU
		{59DB6844-9923-431C-AD9F-718A635D7D4E}.Debug|Any CPU.ActiveCfg = Debug|Any CPU
		{59DB6844-9923-431C-AD9F-718A635D7D4E}.Debug|Any CPU.Build.0 = Debug|Any CPU
		{59DB6844-9923-431C-AD9F-718A635D7D4E}.Release|Any CPU.ActiveCfg = Release|Any CPU
		{59DB6844-9923-431C-AD9F-718A635D7D4E}.Release|Any CPU.Build.0 = Release|Any CPU
		{8A1BC5A9-F5E5-4BC2-AA90-86C9FBA960F3}.Debug|Any CPU.ActiveCfg = Debug|Any CPU
		{8A1BC5A9-F5E5-4BC2-AA90-86C9FBA960F3}.Debug|Any CPU.Build.0 = Debug|Any CPU
		{8A1BC5A9-F5E5-4BC2-AA90-86C9FBA960F3}.Release|Any CPU.ActiveCfg = Release|Any CPU
		{8A1BC5A9-F5E5-4BC2-AA90-86C9FBA960F3}.Release|Any CPU.Build.0 = Release|Any CPU
		{775CA07A-5B4C-46DA-9085-95A8BB619538}.Debug|Any CPU.ActiveCfg = Debug|Any CPU
		{775CA07A-5B4C-46DA-9085-95A8BB619538}.Debug|Any CPU.Build.0 = Debug|Any CPU
		{775CA07A-5B4C-46DA-9085-95A8BB619538}.Release|Any CPU.ActiveCfg = Release|Any CPU
		{775CA07A-5B4C-46DA-9085-95A8BB619538}.Release|Any CPU.Build.0 = Release|Any CPU
		{784B4325-7E2B-420F-8EDF-FC4094A3B6C7}.Debug|Any CPU.ActiveCfg = Debug|Any CPU
		{784B4325-7E2B-420F-8EDF-FC4094A3B6C7}.Debug|Any CPU.Build.0 = Debug|Any CPU
		{784B4325-7E2B-420F-8EDF-FC4094A3B6C7}.Release|Any CPU.ActiveCfg = Release|Any CPU
		{784B4325-7E2B-420F-8EDF-FC4094A3B6C7}.Release|Any CPU.Build.0 = Release|Any CPU
	EndGlobalSection
	GlobalSection(SolutionProperties) = preSolution
		HideSolutionNode = FALSE
	EndGlobalSection
EndGlobal
