
Microsoft Visual Studio Solution File, Format Version 12.00
# Visual Studio 15
VisualStudioVersion = 15.0.26730.16
MinimumVisualStudioVersion = 10.0.40219.1
Project("{FAE04EC0-301F-11D3-BF4B-00C04F79EFBC}") = "11_1-ExtractEmails", "11_1-ExtractEmails\11_1-ExtractEmails.csproj", "{333DBF54-D161-4F08-9607-86E26E1ED5B0}"
EndProject
Project("{FAE04EC0-301F-11D3-BF4B-00C04F79EFBC}") = "11_2-ExtractSentanceByKeyword", "11_2-ExtractSentanceByKeyword\11_2-ExtractSentanceByKeyword.csproj", "{4EDC37DF-42CE-40CF-BDE4-2C5293384EE7}"
EndProject
Project("{FAE04EC0-301F-11D3-BF4B-00C04F79EFBC}") = "11_3-CameraView", "11_3-CameraView\11_3-CameraView.csproj", "{6E4D902F-EA7C-4B03-B767-354180F94C4A}"
EndProject
Project("{FAE04EC0-301F-11D3-BF4B-00C04F79EFBC}") = "11_4-Weather", "11_4-Weather\11_4-Weather.csproj", "{C14CDD26-6154-46F5-B1AC-0403DE10B413}"
EndProject
Project("{FAE04EC0-301F-11D3-BF4B-00C04F79EFBC}") = "11_8-Chains", "11_8-Chains\11_8-Chains.csproj", "{29FFF7E2-6780-401C-BD0D-090883EC0DFD}"
EndProject
Global
	GlobalSection(SolutionConfigurationPlatforms) = preSolution
		Debug|Any CPU = Debug|Any CPU
		Release|Any CPU = Release|Any CPU
	EndGlobalSection
	GlobalSection(ProjectConfigurationPlatforms) = postSolution
		{333DBF54-D161-4F08-9607-86E26E1ED5B0}.Debug|Any CPU.ActiveCfg = Debug|Any CPU
		{333DBF54-D161-4F08-9607-86E26E1ED5B0}.Debug|Any CPU.Build.0 = Debug|Any CPU
		{333DBF54-D161-4F08-9607-86E26E1ED5B0}.Release|Any CPU.ActiveCfg = Release|Any CPU
		{333DBF54-D161-4F08-9607-86E26E1ED5B0}.Release|Any CPU.Build.0 = Release|Any CPU
		{4EDC37DF-42CE-40CF-BDE4-2C5293384EE7}.Debug|Any CPU.ActiveCfg = Debug|Any CPU
		{4EDC37DF-42CE-40CF-BDE4-2C5293384EE7}.Debug|Any CPU.Build.0 = Debug|Any CPU
		{4EDC37DF-42CE-40CF-BDE4-2C5293384EE7}.Release|Any CPU.ActiveCfg = Release|Any CPU
		{4EDC37DF-42CE-40CF-BDE4-2C5293384EE7}.Release|Any CPU.Build.0 = Release|Any CPU
		{6E4D902F-EA7C-4B03-B767-354180F94C4A}.Debug|Any CPU.ActiveCfg = Debug|Any CPU
		{6E4D902F-EA7C-4B03-B767-354180F94C4A}.Debug|Any CPU.Build.0 = Debug|Any CPU
		{6E4D902F-EA7C-4B03-B767-354180F94C4A}.Release|Any CPU.ActiveCfg = Release|Any CPU
		{6E4D902F-EA7C-4B03-B767-354180F94C4A}.Release|Any CPU.Build.0 = Release|Any CPU
		{C14CDD26-6154-46F5-B1AC-0403DE10B413}.Debug|Any CPU.ActiveCfg = Debug|Any CPU
		{C14CDD26-6154-46F5-B1AC-0403DE10B413}.Debug|Any CPU.Build.0 = Debug|Any CPU
		{C14CDD26-6154-46F5-B1AC-0403DE10B413}.Release|Any CPU.ActiveCfg = Release|Any CPU
		{C14CDD26-6154-46F5-B1AC-0403DE10B413}.Release|Any CPU.Build.0 = Release|Any CPU
		{29FFF7E2-6780-401C-BD0D-090883EC0DFD}.Debug|Any CPU.ActiveCfg = Debug|Any CPU
		{29FFF7E2-6780-401C-BD0D-090883EC0DFD}.Debug|Any CPU.Build.0 = Debug|Any CPU
		{29FFF7E2-6780-401C-BD0D-090883EC0DFD}.Release|Any CPU.ActiveCfg = Release|Any CPU
		{29FFF7E2-6780-401C-BD0D-090883EC0DFD}.Release|Any CPU.Build.0 = Release|Any CPU
	EndGlobalSection
	GlobalSection(SolutionProperties) = preSolution
		HideSolutionNode = FALSE
	EndGlobalSection
	GlobalSection(ExtensibilityGlobals) = postSolution
		SolutionGuid = {83F5E612-694E-42A4-929F-FD5521A84D62}
	EndGlobalSection
EndGlobal
