
Microsoft Visual Studio Solution File, Format Version 12.00
# Visual Studio 15
VisualStudioVersion = 15.0.26730.16
MinimumVisualStudioVersion = 10.0.40219.1
Project("{FAE04EC0-301F-11D3-BF4B-00C04F79EFBC}") = "9_1-WorkingDays", "9_1-WorkingDays\9_1-WorkingDays.csproj", "{BA34617B-CD95-4573-883E-508ED7513C6E}"
EndProject
Project("{FAE04EC0-301F-11D3-BF4B-00C04F79EFBC}") = "9_2-Advertisement", "9_2-Advertisement\9_2-Advertisement.csproj", "{13A50A75-F096-4C99-AA5D-A710C346CCC9}"
EndProject
Project("{FAE04EC0-301F-11D3-BF4B-00C04F79EFBC}") = "9_3-CircleIntersections", "9_3-CircleIntersections\9_3-CircleIntersections.csproj", "{55F09BD9-8FF7-45DC-9473-C00A233F9A8B}"
EndProject
Project("{FAE04EC0-301F-11D3-BF4B-00C04F79EFBC}") = "9_4-AverageGrades", "9_4-AverageGrades\9_4-AverageGrades.csproj", "{D31EE983-AE8D-4733-B651-CCF71D4D03EE}"
EndProject
Project("{FAE04EC0-301F-11D3-BF4B-00C04F79EFBC}") = "9_5-BookLibrary", "9_5-BookLibrary\9_5-BookLibrary.csproj", "{7EFAF6FE-559C-4E8B-8471-83120251A59C}"
EndProject
Global
	GlobalSection(SolutionConfigurationPlatforms) = preSolution
		Debug|Any CPU = Debug|Any CPU
		Release|Any CPU = Release|Any CPU
	EndGlobalSection
	GlobalSection(ProjectConfigurationPlatforms) = postSolution
		{BA34617B-CD95-4573-883E-508ED7513C6E}.Debug|Any CPU.ActiveCfg = Debug|Any CPU
		{BA34617B-CD95-4573-883E-508ED7513C6E}.Debug|Any CPU.Build.0 = Debug|Any CPU
		{BA34617B-CD95-4573-883E-508ED7513C6E}.Release|Any CPU.ActiveCfg = Release|Any CPU
		{BA34617B-CD95-4573-883E-508ED7513C6E}.Release|Any CPU.Build.0 = Release|Any CPU
		{13A50A75-F096-4C99-AA5D-A710C346CCC9}.Debug|Any CPU.ActiveCfg = Debug|Any CPU
		{13A50A75-F096-4C99-AA5D-A710C346CCC9}.Debug|Any CPU.Build.0 = Debug|Any CPU
		{13A50A75-F096-4C99-AA5D-A710C346CCC9}.Release|Any CPU.ActiveCfg = Release|Any CPU
		{13A50A75-F096-4C99-AA5D-A710C346CCC9}.Release|Any CPU.Build.0 = Release|Any CPU
		{55F09BD9-8FF7-45DC-9473-C00A233F9A8B}.Debug|Any CPU.ActiveCfg = Debug|Any CPU
		{55F09BD9-8FF7-45DC-9473-C00A233F9A8B}.Debug|Any CPU.Build.0 = Debug|Any CPU
		{55F09BD9-8FF7-45DC-9473-C00A233F9A8B}.Release|Any CPU.ActiveCfg = Release|Any CPU
		{55F09BD9-8FF7-45DC-9473-C00A233F9A8B}.Release|Any CPU.Build.0 = Release|Any CPU
		{D31EE983-AE8D-4733-B651-CCF71D4D03EE}.Debug|Any CPU.ActiveCfg = Debug|Any CPU
		{D31EE983-AE8D-4733-B651-CCF71D4D03EE}.Debug|Any CPU.Build.0 = Debug|Any CPU
		{D31EE983-AE8D-4733-B651-CCF71D4D03EE}.Release|Any CPU.ActiveCfg = Release|Any CPU
		{D31EE983-AE8D-4733-B651-CCF71D4D03EE}.Release|Any CPU.Build.0 = Release|Any CPU
		{7EFAF6FE-559C-4E8B-8471-83120251A59C}.Debug|Any CPU.ActiveCfg = Debug|Any CPU
		{7EFAF6FE-559C-4E8B-8471-83120251A59C}.Debug|Any CPU.Build.0 = Debug|Any CPU
		{7EFAF6FE-559C-4E8B-8471-83120251A59C}.Release|Any CPU.ActiveCfg = Release|Any CPU
		{7EFAF6FE-559C-4E8B-8471-83120251A59C}.Release|Any CPU.Build.0 = Release|Any CPU
	EndGlobalSection
	GlobalSection(SolutionProperties) = preSolution
		HideSolutionNode = FALSE
	EndGlobalSection
	GlobalSection(ExtensibilityGlobals) = postSolution
		SolutionGuid = {8EE2AADF-6F1B-4284-84B4-64F80E3E7A34}
	EndGlobalSection
EndGlobal
